
Microsoft Visual Studio Solution File, Format Version 12.00
# Visual Studio Version 17
VisualStudioVersion = 17.8.34408.163
MinimumVisualStudioVersion = 10.0.40219.1
Project("{FAE04EC0-301F-11D3-BF4B-00C04F79EFBC}") = "Quala.Api", "Quala.Api.csproj", "{F4F15179-556F-4AAB-8923-5965EB52ADAC}"
EndProject
Project("{FAE04EC0-301F-11D3-BF4B-00C04F79EFBC}") = "Quala.Core", "..\Quala.Core\Quala.Core.csproj", "{F49FC3A6-B50F-4E11-AEE7-4682AEF6D10B}"
EndProject
Project("{FAE04EC0-301F-11D3-BF4B-00C04F79EFBC}") = "Quala.Infraestructure", "..\Quala.Infraestructure\Quala.Infraestructure.csproj", "{55669824-8EAF-476B-B8F5-76BF2B201732}"
EndProject
Global
	GlobalSection(SolutionConfigurationPlatforms) = preSolution
		Debug|Any CPU = Debug|Any CPU
		Release|Any CPU = Release|Any CPU
	EndGlobalSection
	GlobalSection(ProjectConfigurationPlatforms) = postSolution
		{F4F15179-556F-4AAB-8923-5965EB52ADAC}.Debug|Any CPU.ActiveCfg = Debug|Any CPU
		{F4F15179-556F-4AAB-8923-5965EB52ADAC}.Debug|Any CPU.Build.0 = Debug|Any CPU
		{F4F15179-556F-4AAB-8923-5965EB52ADAC}.Release|Any CPU.ActiveCfg = Release|Any CPU
		{F4F15179-556F-4AAB-8923-5965EB52ADAC}.Release|Any CPU.Build.0 = Release|Any CPU
		{F49FC3A6-B50F-4E11-AEE7-4682AEF6D10B}.Debug|Any CPU.ActiveCfg = Debug|Any CPU
		{F49FC3A6-B50F-4E11-AEE7-4682AEF6D10B}.Debug|Any CPU.Build.0 = Debug|Any CPU
		{F49FC3A6-B50F-4E11-AEE7-4682AEF6D10B}.Release|Any CPU.ActiveCfg = Release|Any CPU
		{F49FC3A6-B50F-4E11-AEE7-4682AEF6D10B}.Release|Any CPU.Build.0 = Release|Any CPU
		{55669824-8EAF-476B-B8F5-76BF2B201732}.Debug|Any CPU.ActiveCfg = Debug|Any CPU
		{55669824-8EAF-476B-B8F5-76BF2B201732}.Debug|Any CPU.Build.0 = Debug|Any CPU
		{55669824-8EAF-476B-B8F5-76BF2B201732}.Release|Any CPU.ActiveCfg = Release|Any CPU
		{55669824-8EAF-476B-B8F5-76BF2B201732}.Release|Any CPU.Build.0 = Release|Any CPU
	EndGlobalSection
	GlobalSection(SolutionProperties) = preSolution
		HideSolutionNode = FALSE
	EndGlobalSection
	GlobalSection(ExtensibilityGlobals) = postSolution
		SolutionGuid = {FD5BEE9C-1990-4E8F-86C2-3BA0F86A5E48}
	EndGlobalSection
EndGlobal
